
Microsoft Visual Studio Solution File, Format Version 12.00
# Visual Studio 14
VisualStudioVersion = 14.0.24720.0
MinimumVisualStudioVersion = 10.0.40219.1
Project("{FAE04EC0-301F-11D3-BF4B-00C04F79EFBC}") = "SudokuDlxConsole", "SudokuDlxConsole\SudokuDlxConsole.csproj", "{69EBF529-4103-49DE-A988-610DC9782EAF}"
EndProject
Project("{FAE04EC0-301F-11D3-BF4B-00C04F79EFBC}") = "SudokuDlxWpf", "SudokuDlxWpf\SudokuDlxWpf.csproj", "{B01A0C27-AAD4-45A3-869F-393C6C7D328A}"
EndProject
Project("{FAE04EC0-301F-11D3-BF4B-00C04F79EFBC}") = "SudokuDlxWpfTests", "SudokuDlxWpfTests\SudokuDlxWpfTests.csproj", "{3C9906C7-2302-4C98-83B7-93A36FD2AD8A}"
EndProject
Global
	GlobalSection(SolutionConfigurationPlatforms) = preSolution
		Debug|Any CPU = Debug|Any CPU
		Release|Any CPU = Release|Any CPU
	EndGlobalSection
	GlobalSection(ProjectConfigurationPlatforms) = postSolution
		{69EBF529-4103-49DE-A988-610DC9782EAF}.Debug|Any CPU.ActiveCfg = Debug|Any CPU
		{69EBF529-4103-49DE-A988-610DC9782EAF}.Debug|Any CPU.Build.0 = Debug|Any CPU
		{69EBF529-4103-49DE-A988-610DC9782EAF}.Release|Any CPU.ActiveCfg = Release|Any CPU
		{69EBF529-4103-49DE-A988-610DC9782EAF}.Release|Any CPU.Build.0 = Release|Any CPU
		{B01A0C27-AAD4-45A3-869F-393C6C7D328A}.Debug|Any CPU.ActiveCfg = Debug|Any CPU
		{B01A0C27-AAD4-45A3-869F-393C6C7D328A}.Debug|Any CPU.Build.0 = Debug|Any CPU
		{B01A0C27-AAD4-45A3-869F-393C6C7D328A}.Release|Any CPU.ActiveCfg = Release|Any CPU
		{B01A0C27-AAD4-45A3-869F-393C6C7D328A}.Release|Any CPU.Build.0 = Release|Any CPU
		{3C9906C7-2302-4C98-83B7-93A36FD2AD8A}.Debug|Any CPU.ActiveCfg = Debug|Any CPU
		{3C9906C7-2302-4C98-83B7-93A36FD2AD8A}.Debug|Any CPU.Build.0 = Debug|Any CPU
		{3C9906C7-2302-4C98-83B7-93A36FD2AD8A}.Release|Any CPU.ActiveCfg = Release|Any CPU
		{3C9906C7-2302-4C98-83B7-93A36FD2AD8A}.Release|Any CPU.Build.0 = Release|Any CPU
	EndGlobalSection
	GlobalSection(SolutionProperties) = preSolution
		HideSolutionNode = FALSE
	EndGlobalSection
EndGlobal
